
Microsoft Visual Studio Solution File, Format Version 12.00
# Visual Studio Version 17
VisualStudioVersion = 17.9.34616.47
MinimumVisualStudioVersion = 10.0.40219.1
Project("{9A19103F-16F7-4668-BE54-9A1E7A4F7556}") = "Hotel", "Hotel\Hotel.csproj", "{452BBFB8-3E89-434D-9E80-1492DDF7EDE1}"
EndProject
Project("{9A19103F-16F7-4668-BE54-9A1E7A4F7556}") = "Hotel.Core", "Hotel.Core\Hotel.Core.csproj", "{C675A2BE-52AE-416C-9F56-B59597AD44F6}"
EndProject
Project("{9A19103F-16F7-4668-BE54-9A1E7A4F7556}") = "Hotel.Infrastructure", "Hotel.Infrastructure\Hotel.Infrastructure.csproj", "{9C301F3C-D910-4255-9EF3-71513FA2837D}"
EndProject
Global
	GlobalSection(SolutionConfigurationPlatforms) = preSolution
		Debug|Any CPU = Debug|Any CPU
		Release|Any CPU = Release|Any CPU
	EndGlobalSection
	GlobalSection(ProjectConfigurationPlatforms) = postSolution
		{452BBFB8-3E89-434D-9E80-1492DDF7EDE1}.Debug|Any CPU.ActiveCfg = Debug|Any CPU
		{452BBFB8-3E89-434D-9E80-1492DDF7EDE1}.Debug|Any CPU.Build.0 = Debug|Any CPU
		{452BBFB8-3E89-434D-9E80-1492DDF7EDE1}.Release|Any CPU.ActiveCfg = Release|Any CPU
		{452BBFB8-3E89-434D-9E80-1492DDF7EDE1}.Release|Any CPU.Build.0 = Release|Any CPU
		{C675A2BE-52AE-416C-9F56-B59597AD44F6}.Debug|Any CPU.ActiveCfg = Debug|Any CPU
		{C675A2BE-52AE-416C-9F56-B59597AD44F6}.Debug|Any CPU.Build.0 = Debug|Any CPU
		{C675A2BE-52AE-416C-9F56-B59597AD44F6}.Release|Any CPU.ActiveCfg = Release|Any CPU
		{C675A2BE-52AE-416C-9F56-B59597AD44F6}.Release|Any CPU.Build.0 = Release|Any CPU
		{9C301F3C-D910-4255-9EF3-71513FA2837D}.Debug|Any CPU.ActiveCfg = Debug|Any CPU
		{9C301F3C-D910-4255-9EF3-71513FA2837D}.Debug|Any CPU.Build.0 = Debug|Any CPU
		{9C301F3C-D910-4255-9EF3-71513FA2837D}.Release|Any CPU.ActiveCfg = Release|Any CPU
		{9C301F3C-D910-4255-9EF3-71513FA2837D}.Release|Any CPU.Build.0 = Release|Any CPU
	EndGlobalSection
	GlobalSection(SolutionProperties) = preSolution
		HideSolutionNode = FALSE
	EndGlobalSection
	GlobalSection(ExtensibilityGlobals) = postSolution
		SolutionGuid = {A99BAD95-7D88-4534-838D-2B2F58A33B86}
	EndGlobalSection
EndGlobal
